
Microsoft Visual Studio Solution File, Format Version 12.00
# Visual Studio Version 16
VisualStudioVersion = 16.0.29709.97
MinimumVisualStudioVersion = 10.0.40219.1
Project("{FAE04EC0-301F-11D3-BF4B-00C04F79EFBC}") = "ApiCamisa10", "ApiCamisa10.csproj", "{B8D1B1BE-CB96-41C4-AD00-3395BA83276D}"
EndProject
Global
	GlobalSection(SolutionConfigurationPlatforms) = preSolution
		Debug|Any CPU = Debug|Any CPU
		Release|Any CPU = Release|Any CPU
	EndGlobalSection
	GlobalSection(ProjectConfigurationPlatforms) = postSolution
		{B8D1B1BE-CB96-41C4-AD00-3395BA83276D}.Debug|Any CPU.ActiveCfg = Debug|Any CPU
		{B8D1B1BE-CB96-41C4-AD00-3395BA83276D}.Debug|Any CPU.Build.0 = Debug|Any CPU
		{B8D1B1BE-CB96-41C4-AD00-3395BA83276D}.Release|Any CPU.ActiveCfg = Release|Any CPU
		{B8D1B1BE-CB96-41C4-AD00-3395BA83276D}.Release|Any CPU.Build.0 = Release|Any CPU
	EndGlobalSection
	GlobalSection(SolutionProperties) = preSolution
		HideSolutionNode = FALSE
	EndGlobalSection
	GlobalSection(ExtensibilityGlobals) = postSolution
		SolutionGuid = {4750C8D4-B9C9-4A65-88CB-7C0794C3F684}
	EndGlobalSection
EndGlobal
